PODS:
  - CardIO (5.4.1)
  - core_card_io_beta (2.0.0):
    - CardIO
    - Flutter
  - Flutter (1.0.0)

DEPENDENCIES:
  - core_card_io_beta (from `.symlinks/plugins/core_card_io_beta/ios`)
  - Flutter (from `Flutter`)

SPEC REPOS:
  trunk:
    - CardIO

EXTERNAL SOURCES:
  core_card_io_beta:
    :path: ".symlinks/plugins/core_card_io_beta/ios"
  Flutter:
    :path: Flutter

SPEC CHECKSUMS:
  CardIO: 56983b39b62f495fc6dae9ad7cf875143df06443
  core_card_io_beta: 2914d4cf3a529417a5b4dbfd29714c4315a114ba
  Flutter: f04841e97a9d0b0a8025694d0796dd46242b2854

PODFILE CHECKSUM: cc1f88378b4bfcf93a6ce00d2c587857c6008d3b

COCOAPODS: 1.12.1
